
Microsoft Visual Studio Solution File, Format Version 12.00
Project("{FAE04EC0-301F-11D3-BF4B-00C04F79EFBC}") = "Cycode.SI", "Cycode.SI\Cycode.SI.csproj", "{EF620ED3-FE68-4FDE-A4DC-56CAC9190C42}"
EndProject
Project("{FAE04EC0-301F-11D3-BF4B-00C04F79EFBC}") = "Cycode.BL", "Cycode.BL\Cycode.BL.csproj", "{F1EE5C73-6AE4-449E-9527-1DFC468EEDC0}"
EndProject
Project("{FAE04EC0-301F-11D3-BF4B-00C04F79EFBC}") = "Cycode.DAL", "Cycode.DAL\Cycode.DAL.csproj", "{5B72CF6E-C59F-4BAA-97B6-25F9E256BE4B}"
EndProject
Project("{FAE04EC0-301F-11D3-BF4B-00C04F79EFBC}") = "Cycode.Common", "Cycode.Common\Cycode.Common.csproj", "{F11028CF-842D-4791-BDAB-276E02C9EDA7}"
EndProject
Global
	GlobalSection(SolutionConfigurationPlatforms) = preSolution
		Debug|Any CPU = Debug|Any CPU
		Release|Any CPU = Release|Any CPU
	EndGlobalSection
	GlobalSection(ProjectConfigurationPlatforms) = postSolution
		{EF620ED3-FE68-4FDE-A4DC-56CAC9190C42}.Debug|Any CPU.ActiveCfg = Debug|Any CPU
		{EF620ED3-FE68-4FDE-A4DC-56CAC9190C42}.Debug|Any CPU.Build.0 = Debug|Any CPU
		{EF620ED3-FE68-4FDE-A4DC-56CAC9190C42}.Release|Any CPU.ActiveCfg = Release|Any CPU
		{EF620ED3-FE68-4FDE-A4DC-56CAC9190C42}.Release|Any CPU.Build.0 = Release|Any CPU
		{F1EE5C73-6AE4-449E-9527-1DFC468EEDC0}.Debug|Any CPU.ActiveCfg = Debug|Any CPU
		{F1EE5C73-6AE4-449E-9527-1DFC468EEDC0}.Debug|Any CPU.Build.0 = Debug|Any CPU
		{F1EE5C73-6AE4-449E-9527-1DFC468EEDC0}.Release|Any CPU.ActiveCfg = Release|Any CPU
		{F1EE5C73-6AE4-449E-9527-1DFC468EEDC0}.Release|Any CPU.Build.0 = Release|Any CPU
		{5B72CF6E-C59F-4BAA-97B6-25F9E256BE4B}.Debug|Any CPU.ActiveCfg = Debug|Any CPU
		{5B72CF6E-C59F-4BAA-97B6-25F9E256BE4B}.Debug|Any CPU.Build.0 = Debug|Any CPU
		{5B72CF6E-C59F-4BAA-97B6-25F9E256BE4B}.Release|Any CPU.ActiveCfg = Release|Any CPU
		{5B72CF6E-C59F-4BAA-97B6-25F9E256BE4B}.Release|Any CPU.Build.0 = Release|Any CPU
		{F11028CF-842D-4791-BDAB-276E02C9EDA7}.Debug|Any CPU.ActiveCfg = Debug|Any CPU
		{F11028CF-842D-4791-BDAB-276E02C9EDA7}.Debug|Any CPU.Build.0 = Debug|Any CPU
		{F11028CF-842D-4791-BDAB-276E02C9EDA7}.Release|Any CPU.ActiveCfg = Release|Any CPU
		{F11028CF-842D-4791-BDAB-276E02C9EDA7}.Release|Any CPU.Build.0 = Release|Any CPU
	EndGlobalSection
EndGlobal
